
Microsoft Visual Studio Solution File, Format Version 12.00
# Visual Studio Version 17
VisualStudioVersion = 17.1.32414.318
MinimumVisualStudioVersion = 10.0.40219.1
Project("{FAE04EC0-301F-11D3-BF4B-00C04F79EFBC}") = "Core", "Core\Core.csproj", "{CADA1220-7E76-4D9D-87DB-9E788EA05443}"
EndProject
Project("{FAE04EC0-301F-11D3-BF4B-00C04F79EFBC}") = "Data", "Data\Data.csproj", "{D1B7D249-6435-49B5-81A7-24D6CD01831B}"
EndProject
Project("{FAE04EC0-301F-11D3-BF4B-00C04F79EFBC}") = "Manager", "Manager\Manager.csproj", "{0A8E5C19-EE28-440B-9276-967B44E8D34F}"
EndProject
Project("{FAE04EC0-301F-11D3-BF4B-00C04F79EFBC}") = "WebAPI", "WebAPI\WebAPI.csproj", "{83B04E6C-2875-4747-BBB3-8DB67CAE44A7}"
EndProject
Global
	GlobalSection(SolutionConfigurationPlatforms) = preSolution
		Debug|Any CPU = Debug|Any CPU
		Release|Any CPU = Release|Any CPU
	EndGlobalSection
	GlobalSection(ProjectConfigurationPlatforms) = postSolution
		{CADA1220-7E76-4D9D-87DB-9E788EA05443}.Debug|Any CPU.ActiveCfg = Debug|Any CPU
		{CADA1220-7E76-4D9D-87DB-9E788EA05443}.Debug|Any CPU.Build.0 = Debug|Any CPU
		{CADA1220-7E76-4D9D-87DB-9E788EA05443}.Release|Any CPU.ActiveCfg = Release|Any CPU
		{CADA1220-7E76-4D9D-87DB-9E788EA05443}.Release|Any CPU.Build.0 = Release|Any CPU
		{D1B7D249-6435-49B5-81A7-24D6CD01831B}.Debug|Any CPU.ActiveCfg = Debug|Any CPU
		{D1B7D249-6435-49B5-81A7-24D6CD01831B}.Debug|Any CPU.Build.0 = Debug|Any CPU
		{D1B7D249-6435-49B5-81A7-24D6CD01831B}.Release|Any CPU.ActiveCfg = Release|Any CPU
		{D1B7D249-6435-49B5-81A7-24D6CD01831B}.Release|Any CPU.Build.0 = Release|Any CPU
		{0A8E5C19-EE28-440B-9276-967B44E8D34F}.Debug|Any CPU.ActiveCfg = Debug|Any CPU
		{0A8E5C19-EE28-440B-9276-967B44E8D34F}.Debug|Any CPU.Build.0 = Debug|Any CPU
		{0A8E5C19-EE28-440B-9276-967B44E8D34F}.Release|Any CPU.ActiveCfg = Release|Any CPU
		{0A8E5C19-EE28-440B-9276-967B44E8D34F}.Release|Any CPU.Build.0 = Release|Any CPU
		{83B04E6C-2875-4747-BBB3-8DB67CAE44A7}.Debug|Any CPU.ActiveCfg = Debug|Any CPU
		{83B04E6C-2875-4747-BBB3-8DB67CAE44A7}.Debug|Any CPU.Build.0 = Debug|Any CPU
		{83B04E6C-2875-4747-BBB3-8DB67CAE44A7}.Release|Any CPU.ActiveCfg = Release|Any CPU
		{83B04E6C-2875-4747-BBB3-8DB67CAE44A7}.Release|Any CPU.Build.0 = Release|Any CPU
	EndGlobalSection
	GlobalSection(SolutionProperties) = preSolution
		HideSolutionNode = FALSE
	EndGlobalSection
	GlobalSection(ExtensibilityGlobals) = postSolution
		SolutionGuid = {C88AB170-2DE0-4027-936C-7295BD2CC944}
	EndGlobalSection
EndGlobal
